
Microsoft Visual Studio Solution File, Format Version 12.00
# Visual Studio Version 16
VisualStudioVersion = 16.0.31515.178
MinimumVisualStudioVersion = 10.0.40219.1
Project("{9A19103F-16F7-4668-BE54-9A1E7A4F7556}") = "DarkDownloader", "DarkDownloader\DarkDownloader.csproj", "{5BD08895-C93D-4D54-9106-35168D72B3C1}"
EndProject
Global
	GlobalSection(SolutionConfigurationPlatforms) = preSolution
		Debug|Any CPU = Debug|Any CPU
		Release|Any CPU = Release|Any CPU
	EndGlobalSection
	GlobalSection(ProjectConfigurationPlatforms) = postSolution
		{5BD08895-C93D-4D54-9106-35168D72B3C1}.Debug|Any CPU.ActiveCfg = Debug|Any CPU
		{5BD08895-C93D-4D54-9106-35168D72B3C1}.Debug|Any CPU.Build.0 = Debug|Any CPU
		{5BD08895-C93D-4D54-9106-35168D72B3C1}.Release|Any CPU.ActiveCfg = Release|Any CPU
		{5BD08895-C93D-4D54-9106-35168D72B3C1}.Release|Any CPU.Build.0 = Release|Any CPU
	EndGlobalSection
	GlobalSection(SolutionProperties) = preSolution
		HideSolutionNode = FALSE
	EndGlobalSection
	GlobalSection(ExtensibilityGlobals) = postSolution
		SolutionGuid = {9AC5AB0B-72E4-43EC-97FB-AF7B79DA8052}
	EndGlobalSection
EndGlobal
